<?xml version="1.0" encoding="utf-8"?>
<Project ToolsVersion="4.0" xmlns="http://schemas.microsoft.com/developer/msbuild/2003">
  <ItemGroup>
    <Filter Include="Source Files">
      <UniqueIdentifier>{4FC737F1-C7A5-4376-A066-2A32D752A2FF}</UniqueIdentifier>
      <Extensions>cpp;c;cc;cxx;c++;cppm;ixx;def;odl;idl;hpj;bat;asm;asmx</Extensions>
    </Filter>
    <Filter Include="Header Files">
      <UniqueIdentifier>{93995380-89BD-4b04-88EB-625FBE52EBFB}</UniqueIdentifier>
      <Extensions>h;hh;hpp;hxx;h++;hm;inl;inc;ipp;xsd</Extensions>
    </Filter>
    <Filter Include="Resource Files">
      <UniqueIdentifier>{67DA6AB6-F800-4c08-8B7A-83BB121AAD01}</UniqueIdentifier>
      <Extensions>rc;ico;cur;bmp;dlg;rc2;rct;bin;rgs;gif;jpg;jpeg;jpe;resx;tiff;tif;png;wav;mfcribbon-ms</Extensions>
    </Filter>
    <Filter Include="Test Apps">
      <UniqueIdentifier>{a7af7b37-ba03-4f67-8ca5-055bc0da47c0}</UniqueIdentifier>
    </Filter>
  </ItemGroup>
  <ItemGroup>
    <ClCompile Include="main.cpp">
      <Filter>Source Files</Filter>
    </ClCompile>
    <ClCompile Include="Engine\HmckPipeline.cpp">
      <Filter>Source Files</Filter>
    </ClCompile>
    <ClCompile Include="Engine\HmckDevice.cpp">
      <Filter>Source Files</Filter>
    </ClCompile>
    <ClCompile Include="Engine\HmckSwapChain.cpp">
      <Filter>Source Files</Filter>
    </ClCompile>
    <ClCompile Include="Engine\HmckRenderer.cpp">
      <Filter>Source Files</Filter>
    </ClCompile>
    <ClCompile Include="Engine\HmckCamera.cpp">
      <Filter>Source Files</Filter>
    </ClCompile>
    <ClCompile Include="Engine\HmckBuffer.cpp">
      <Filter>Source Files</Filter>
    </ClCompile>
    <ClCompile Include="Engine\HmckDescriptors.cpp">
      <Filter>Source Files</Filter>
    </ClCompile>
    <ClCompile Include="External\backends\imgui_impl_glfw.cpp">
      <Filter>Source Files</Filter>
    </ClCompile>
    <ClCompile Include="External\backends\imgui_impl_vulkan.cpp">
      <Filter>Source Files</Filter>
    </ClCompile>
    <ClCompile Include="External\misc\cpp\imgui_stdlib.cpp">
      <Filter>Source Files</Filter>
    </ClCompile>
    <ClCompile Include="External\imgui.cpp">
      <Filter>Source Files</Filter>
    </ClCompile>
    <ClCompile Include="External\imgui_demo.cpp">
      <Filter>Source Files</Filter>
    </ClCompile>
    <ClCompile Include="External\imgui_draw.cpp">
      <Filter>Source Files</Filter>
    </ClCompile>
    <ClCompile Include="External\imgui_tables.cpp">
      <Filter>Source Files</Filter>
    </ClCompile>
    <ClCompile Include="External\imgui_widgets.cpp">
      <Filter>Source Files</Filter>
    </ClCompile>
    <ClCompile Include="Engine\Systems\HmckUserInterface.cpp">
      <Filter>Source Files</Filter>
    </ClCompile>
    <ClCompile Include="Engine\Controllers\KeyboardMovementController.cpp">
      <Filter>Source Files</Filter>
    </ClCompile>
    <ClCompile Include="Engine\Platform\HmckWindow.cpp">
      <Filter>Source Files</Filter>
    </ClCompile>
    <ClCompile Include="Engine\Platform\HmckInputHandler.cpp">
      <Filter>Source Files</Filter>
    </ClCompile>
    <ClCompile Include="Engine\HmckTexture.cpp">
      <Filter>Source Files</Filter>
    </ClCompile>
    <ClCompile Include="Engine\HmckGLTF.cpp">
      <Filter>Source Files</Filter>
    </ClCompile>
    <ClCompile Include="Apps\PBRApp.cpp">
      <Filter>Source Files</Filter>
    </ClCompile>
    <ClCompile Include="Engine\HmckScene.cpp">
      <Filter>Source Files</Filter>
    </ClCompile>
    <ClCompile Include="Engine\HmckEntity.cpp">
      <Filter>Source Files</Filter>
    </ClCompile>
    <ClCompile Include="Engine\HmckLights.cpp">
      <Filter>Source Files</Filter>
    </ClCompile>
    <ClCompile Include="Apps\RaymarchingDemoApp.cpp">
      <Filter>Source Files</Filter>
    </ClCompile>
    <ClCompile Include="Apps\CloudsApp.cpp">
      <Filter>Source Files</Filter>
    </ClCompile>
    <ClCompile Include="Engine\HmckMemory.cpp">
      <Filter>Source Files</Filter>
    </ClCompile>
    <ClCompile Include="Engine\HmckHDR.cpp">
      <Filter>Source Files</Filter>
    </ClCompile>
    <ClCompile Include="Engine\HmckRTX.cpp">
      <Filter>Source Files</Filter>
    </ClCompile>
  </ItemGroup>
  <ItemGroup>
    <ClInclude Include="Engine\HmckPipeline.h">
      <Filter>Header Files</Filter>
    </ClInclude>
    <ClInclude Include="Engine\HmckDevice.h">
      <Filter>Header Files</Filter>
    </ClInclude>
    <ClInclude Include="Engine\HmckSwapChain.h">
      <Filter>Header Files</Filter>
    </ClInclude>
    <ClInclude Include="Engine\HmckRenderer.h">
      <Filter>Header Files</Filter>
    </ClInclude>
    <ClInclude Include="Engine\HmckCamera.h">
      <Filter>Header Files</Filter>
    </ClInclude>
    <ClInclude Include="Engine\HmckUtils.h">
      <Filter>Header Files</Filter>
    </ClInclude>
    <ClInclude Include="Engine\HmckBuffer.h">
      <Filter>Header Files</Filter>
    </ClInclude>
    <ClInclude Include="Engine\HmckDescriptors.h">
      <Filter>Header Files</Filter>
    </ClInclude>
    <ClInclude Include="Engine\Utils\HmckLogger.h">
      <Filter>Header Files</Filter>
    </ClInclude>
    <ClInclude Include="External\backends\imgui_impl_glfw.h">
      <Filter>Header Files</Filter>
    </ClInclude>
    <ClInclude Include="External\backends\imgui_impl_vulkan.h">
      <Filter>Header Files</Filter>
    </ClInclude>
    <ClInclude Include="External\misc\cpp\imgui_stdlib.h">
      <Filter>Header Files</Filter>
    </ClInclude>
    <ClInclude Include="External\imconfig.h">
      <Filter>Header Files</Filter>
    </ClInclude>
    <ClInclude Include="External\imgui.h">
      <Filter>Header Files</Filter>
    </ClInclude>
    <ClInclude Include="External\imgui_internal.h">
      <Filter>Header Files</Filter>
    </ClInclude>
    <ClInclude Include="External\imstb_rectpack.h">
      <Filter>Header Files</Filter>
    </ClInclude>
    <ClInclude Include="External\imstb_textedit.h">
      <Filter>Header Files</Filter>
    </ClInclude>
    <ClInclude Include="External\imstb_truetype.h">
      <Filter>Header Files</Filter>
    </ClInclude>
    <ClInclude Include="Engine\Systems\HmckUserInterface.h">
      <Filter>Header Files</Filter>
    </ClInclude>
    <ClInclude Include="Engine\Controllers\KeyboardMovementController.h">
      <Filter>Header Files</Filter>
    </ClInclude>
    <ClInclude Include="Engine\Platform\HmckWindow.h">
      <Filter>Header Files</Filter>
    </ClInclude>
    <ClInclude Include="External\stb_image.h">
      <Filter>Header Files</Filter>
    </ClInclude>
    <ClInclude Include="External\tiny_obj_loader.h">
      <Filter>Header Files</Filter>
    </ClInclude>
    <ClInclude Include="Engine\Platform\HmckInputHandler.h">
      <Filter>Header Files</Filter>
    </ClInclude>
    <ClInclude Include="Engine\HmckFramebuffer.h">
      <Filter>Header Files</Filter>
    </ClInclude>
    <ClInclude Include="External\stb_image_write.h">
      <Filter>Header Files</Filter>
    </ClInclude>
    <ClInclude Include="Engine\HmckTexture.h">
      <Filter>Header Files</Filter>
    </ClInclude>
    <ClInclude Include="Engine\HmckGLTF.h">
      <Filter>Header Files</Filter>
    </ClInclude>
    <ClInclude Include="External\tiny_gltf.h">
      <Filter>Header Files</Filter>
    </ClInclude>
    <ClInclude Include="External\json.hpp">
      <Filter>Header Files</Filter>
    </ClInclude>
    <ClInclude Include="Apps\PBRApp.h">
      <Filter>Header Files</Filter>
    </ClInclude>
    <ClInclude Include="Apps\IApp.h">
      <Filter>Header Files</Filter>
    </ClInclude>
    <ClInclude Include="Engine\HmckThreadPool.h">
      <Filter>Header Files</Filter>
    </ClInclude>
    <ClInclude Include="Engine\HmckEntity.h">
      <Filter>Header Files</Filter>
    </ClInclude>
    <ClInclude Include="Engine\HmckEntity3D.h">
      <Filter>Header Files</Filter>
    </ClInclude>
    <ClInclude Include="Engine\HmckEntityComponents.h">
      <Filter>Header Files</Filter>
    </ClInclude>
    <ClInclude Include="Engine\HmckScene.h">
      <Filter>Header Files</Filter>
    </ClInclude>
    <ClInclude Include="Engine\HmckVertex.h">
      <Filter>Header Files</Filter>
    </ClInclude>
    <ClInclude Include="Engine\HmckLights.h">
      <Filter>Header Files</Filter>
    </ClInclude>
    <ClInclude Include="Apps\RaymarchingDemoApp.h">
      <Filter>Header Files</Filter>
    </ClInclude>
    <ClInclude Include="Apps\CloudsApp.h">
      <Filter>Header Files</Filter>
    </ClInclude>
    <ClInclude Include="Engine\HmckMemory.h">
      <Filter>Header Files</Filter>
    </ClInclude>
    <ClInclude Include="Engine\HmckHDR.h">
      <Filter>Header Files</Filter>
    </ClInclude>
    <ClInclude Include="Engine\HmckRTX.h">
      <Filter>Header Files</Filter>
    </ClInclude>
  </ItemGroup>
  <ItemGroup>
    <None Include="Engine\Shaders\Raw\glsl\point_light.frag" />
    <None Include="Engine\Shaders\Raw\glsl\point_light.vert" />
    <None Include="Engine\Shaders\Raw\glsl\deferred.frag" />
    <None Include="Engine\Shaders\Raw\glsl\fullscreen.vert" />
    <None Include="packages.config" />
    <None Include="Engine\Shaders\Raw\glsl\shadowmap.frag" />
    <None Include="Engine\Shaders\Raw\glsl\shadowmap.vert" />
    <None Include="Engine\Shaders\Raw\glsl\gbuffer.frag" />
    <None Include="Engine\Shaders\Raw\glsl\gbuffer.vert" />
    <None Include="Engine\Shaders\build_shaders_glsl.py" />
    <None Include="Engine\Shaders\build_shaders_hlsl.py" />
    <None Include="Engine\Shaders\Raw\glsl\blur.frag" />
    <None Include="Engine\Shaders\Raw\glsl\ssao.frag" />
    <None Include="Engine\Shaders\Raw\glsl\default_forward.frag" />
    <None Include="Engine\Shaders\Raw\glsl\default_forward.vert" />
  </ItemGroup>
</Project>