<?xml version="1.0" encoding="utf-8"?>
<Project ToolsVersion="4.0" xmlns="http://schemas.microsoft.com/developer/msbuild/2003">
  <ItemGroup>
    <Filter Include="Source Files">
      <UniqueIdentifier>{4FC737F1-C7A5-4376-A066-2A32D752A2FF}</UniqueIdentifier>
      <Extensions>cpp;c;cc;cxx;c++;cppm;ixx;def;odl;idl;hpj;bat;asm;asmx</Extensions>
    </Filter>
    <Filter Include="Header Files">
      <UniqueIdentifier>{93995380-89BD-4b04-88EB-625FBE52EBFB}</UniqueIdentifier>
      <Extensions>h;hh;hpp;hxx;h++;hm;inl;inc;ipp;xsd</Extensions>
    </Filter>
    <Filter Include="Resource Files">
      <UniqueIdentifier>{67DA6AB6-F800-4c08-8B7A-83BB121AAD01}</UniqueIdentifier>
      <Extensions>rc;ico;cur;bmp;dlg;rc2;rct;bin;rgs;gif;jpg;jpeg;jpe;resx;tiff;tif;png;wav;mfcribbon-ms</Extensions>
    </Filter>
    <Filter Include="Test Apps">
      <UniqueIdentifier>{a7af7b37-ba03-4f67-8ca5-055bc0da47c0}</UniqueIdentifier>
    </Filter>
  </ItemGroup>
  <ItemGroup>
    <ClCompile Include="HmckWindow.cpp">
      <Filter>Source Files</Filter>
    </ClCompile>
    <ClCompile Include="main.cpp">
      <Filter>Source Files</Filter>
    </ClCompile>
    <ClCompile Include="FirstApp.cpp">
      <Filter>Test Apps</Filter>
    </ClCompile>
    <ClCompile Include="HmckPipeline.cpp">
      <Filter>Source Files</Filter>
    </ClCompile>
    <ClCompile Include="HmckDevice.cpp">
      <Filter>Source Files</Filter>
    </ClCompile>
    <ClCompile Include="HmckSwapChain.cpp">
      <Filter>Source Files</Filter>
    </ClCompile>
    <ClCompile Include="HmckModel.cpp">
      <Filter>Source Files</Filter>
    </ClCompile>
    <ClCompile Include="HmckRenderer.cpp">
      <Filter>Source Files</Filter>
    </ClCompile>
    <ClCompile Include="HmckSimpleRenderSystem.cpp">
      <Filter>Source Files</Filter>
    </ClCompile>
    <ClCompile Include="HmckCamera.cpp">
      <Filter>Source Files</Filter>
    </ClCompile>
    <ClCompile Include="KeyboardMovementController.cpp">
      <Filter>Source Files</Filter>
    </ClCompile>
    <ClCompile Include="HmckGameObject.cpp">
      <Filter>Source Files</Filter>
    </ClCompile>
    <ClCompile Include="HmckBuffer.cpp">
      <Filter>Source Files</Filter>
    </ClCompile>
  </ItemGroup>
  <ItemGroup>
    <ClInclude Include="HmckWindow.h">
      <Filter>Header Files</Filter>
    </ClInclude>
    <ClInclude Include="FirstApp.h">
      <Filter>Test Apps</Filter>
    </ClInclude>
    <ClInclude Include="HmckPipeline.h">
      <Filter>Header Files</Filter>
    </ClInclude>
    <ClInclude Include="HmckDevice.h">
      <Filter>Header Files</Filter>
    </ClInclude>
    <ClInclude Include="HmckSwapChain.h">
      <Filter>Header Files</Filter>
    </ClInclude>
    <ClInclude Include="HmckModel.h">
      <Filter>Header Files</Filter>
    </ClInclude>
    <ClInclude Include="HmckGameObject.h">
      <Filter>Header Files</Filter>
    </ClInclude>
    <ClInclude Include="HmckRenderer.h">
      <Filter>Header Files</Filter>
    </ClInclude>
    <ClInclude Include="HmckSimpleRenderSystem.h">
      <Filter>Header Files</Filter>
    </ClInclude>
    <ClInclude Include="HmckCamera.h">
      <Filter>Header Files</Filter>
    </ClInclude>
    <ClInclude Include="KeyboardMovementController.h">
      <Filter>Header Files</Filter>
    </ClInclude>
    <ClInclude Include="HmckUtils.h">
      <Filter>Header Files</Filter>
    </ClInclude>
    <ClInclude Include="HmckBuffer.h">
      <Filter>Header Files</Filter>
    </ClInclude>
    <ClInclude Include="HmckFrameInfo.h">
      <Filter>Header Files</Filter>
    </ClInclude>
  </ItemGroup>
</Project>